
Microsoft Visual Studio Solution File, Format Version 12.00
# Visual Studio 15
VisualStudioVersion = 15.0.26730.12
MinimumVisualStudioVersion = 10.0.40219.1
Project("{FAE04EC0-301F-11D3-BF4B-00C04F79EFBC}") = "SPClient", "SPClient\SPClient.csproj", "{C51E0491-8129-4166-8496-4CFA6141A3AA}"
EndProject
Project("{FAE04EC0-301F-11D3-BF4B-00C04F79EFBC}") = "SPClient.Tests", "SPClient.Tests\SPClient.Tests.csproj", "{61E131DF-823B-41B0-8DC1-7CCDD6ECD451}"
EndProject
Global
	GlobalSection(SolutionConfigurationPlatforms) = preSolution
		Debug|Any CPU = Debug|Any CPU
		Release|Any CPU = Release|Any CPU
	EndGlobalSection
	GlobalSection(ProjectConfigurationPlatforms) = postSolution
		{C51E0491-8129-4166-8496-4CFA6141A3AA}.Debug|Any CPU.ActiveCfg = Debug|Any CPU
		{C51E0491-8129-4166-8496-4CFA6141A3AA}.Debug|Any CPU.Build.0 = Debug|Any CPU
		{C51E0491-8129-4166-8496-4CFA6141A3AA}.Release|Any CPU.ActiveCfg = Release|Any CPU
		{C51E0491-8129-4166-8496-4CFA6141A3AA}.Release|Any CPU.Build.0 = Release|Any CPU
		{61E131DF-823B-41B0-8DC1-7CCDD6ECD451}.Debug|Any CPU.ActiveCfg = Debug|Any CPU
		{61E131DF-823B-41B0-8DC1-7CCDD6ECD451}.Debug|Any CPU.Build.0 = Debug|Any CPU
		{61E131DF-823B-41B0-8DC1-7CCDD6ECD451}.Release|Any CPU.ActiveCfg = Release|Any CPU
		{61E131DF-823B-41B0-8DC1-7CCDD6ECD451}.Release|Any CPU.Build.0 = Release|Any CPU
	EndGlobalSection
	GlobalSection(SolutionProperties) = preSolution
		HideSolutionNode = FALSE
	EndGlobalSection
	GlobalSection(ExtensibilityGlobals) = postSolution
		SolutionGuid = {E102181F-12AB-41A0-904E-CA6C26C28D9D}
	EndGlobalSection
EndGlobal
